// !$*UTF8*$!
{
	archiveVersion = 1;
	classes = {
	};
	objectVersion = 51;
	objects = {

/* Begin PBXBuildFile section */
		08A0AB798B45E93FF11FE582 /* PlacesViewInput.swift in Sources */ = {isa = PBXBuildFile; fileRef = 8D815E4F68398E15A4DADDB3 /* PlacesViewInput.swift */; };
		13870B9536C09F81D208EE57 /* PlaceInteractorTests.swift in Sources */ = {isa = PBXBuildFile; fileRef = C92C98086E34EDE04DB4D182 /* PlaceInteractorTests.swift */; };
		18F6D73053DBCC0C2CC8B640 /* PlaceModuleInput.swift in Sources */ = {isa = PBXBuildFile; fileRef = 79E7A9C0912F7E0F22FF9F1A /* PlaceModuleInput.swift */; };
		1ACAAA02ED2057E1CE655015 /* PlacesInteractor.swift in Sources */ = {isa = PBXBuildFile; fileRef = 73913278F7913D6FDD5646A5 /* PlacesInteractor.swift */; };
		1B4A7D8C231B82726E0022C3 /* PlacesInteractorTests.swift in Sources */ = {isa = PBXBuildFile; fileRef = 0D1B221CFCB93BE02D212D9F /* PlacesInteractorTests.swift */; };
		200CC49CC979706F2638785F /* Pods_test_tabela.framework in Frameworks */ = {isa = PBXBuildFile; fileRef = 68F3B1D37D23D5383B5BDEB2 /* Pods_test_tabela.framework */; };
		23FD9F539E652EC95E199284 /* PlaceViewTests.swift in Sources */ = {isa = PBXBuildFile; fileRef = 8185535EEEAFCF5A482F7178 /* PlaceViewTests.swift */; };
		2C59A82ED56253F0CEE394C8 /* PlaceViewOutput.swift in Sources */ = {isa = PBXBuildFile; fileRef = 59BA70E22DDF7E5509956F35 /* PlaceViewOutput.swift */; };
		3A0C179A36C0D165FA636505 /* PlacesInteractorInput.swift in Sources */ = {isa = PBXBuildFile; fileRef = 85A25C4F2A6C3176A00D3B05 /* PlacesInteractorInput.swift */; };
		484AE1AB98F97A145974A5E3 /* PlacePresenterTests.swift in Sources */ = {isa = PBXBuildFile; fileRef = 69681BDBE2BAF53BE9764BE8 /* PlacePresenterTests.swift */; };
		48DC1DA72515FA69F6422E81 /* PlaceViewInput.swift in Sources */ = {isa = PBXBuildFile; fileRef = F06CDF92116927878B4D5F3D /* PlaceViewInput.swift */; };
		49055F0B22A9FFB8004CFCAB /* Coordinator.swift in Sources */ = {isa = PBXBuildFile; fileRef = 49055F0A22A9FFB8004CFCAB /* Coordinator.swift */; };
		49055F0F22AA5F2B004CFCAB /* Storyboarded.swift in Sources */ = {isa = PBXBuildFile; fileRef = 49055F0E22AA5F2B004CFCAB /* Storyboarded.swift */; };
		49055F1122AA62C2004CFCAB /* MainCoordinator.swift in Sources */ = {isa = PBXBuildFile; fileRef = 49055F1022AA62C2004CFCAB /* MainCoordinator.swift */; };
		494A6CB222B03F52005DC174 /* tests.swift in Sources */ = {isa = PBXBuildFile; fileRef = 494A6CB122B03F52005DC174 /* tests.swift */; };
		494A6CBC22B059E2005DC174 /* PlacesCoordinator.swift in Sources */ = {isa = PBXBuildFile; fileRef = 494A6CBB22B059E2005DC174 /* PlacesCoordinator.swift */; };
		494A6CBE22B05AD8005DC174 /* PlacesCoordinatorInput.swift in Sources */ = {isa = PBXBuildFile; fileRef = 494A6CBD22B05AD8005DC174 /* PlacesCoordinatorInput.swift */; };
		4B6FE59BE1415146299C713D /* PlacesViewTests.swift in Sources */ = {isa = PBXBuildFile; fileRef = 088B40E794DE92057B6DDB9A /* PlacesViewTests.swift */; };
		50B045851E7DF24F0FF60FEF /* PlaceConfiguratorTests.swift in Sources */ = {isa = PBXBuildFile; fileRef = C02DB23C3DF45BB48C749B72 /* PlaceConfiguratorTests.swift */; };
		51389718535F99603B285ABC /* PlacesModuleInput.swift in Sources */ = {isa = PBXBuildFile; fileRef = EB90A58485CD1E38133419A2 /* PlacesModuleInput.swift */; };
		57324FF11640048558A274CC /* PlaceCoordinator.swift in Sources */ = {isa = PBXBuildFile; fileRef = EE725A38C088AFE1BCECA661 /* PlaceCoordinator.swift */; };
		5B313515CA0958791898F8FC /* PlacesPresenter.swift in Sources */ = {isa = PBXBuildFile; fileRef = D78209C4CEC4CC6A2EC73518 /* PlacesPresenter.swift */; };
		5F1A2CD7AD09B564BD7E2DDF /* PlacesInteractorOutput.swift in Sources */ = {isa = PBXBuildFile; fileRef = E4E9BB87F5FB0DC038069498 /* PlacesInteractorOutput.swift */; };
		5F24673267802CA5E7331C27 /* PlaceInteractor.swift in Sources */ = {isa = PBXBuildFile; fileRef = B9F1A0D65FB1FDBE3A7D25BA /* PlaceInteractor.swift */; };
		79A4C4F38C75605FF0058A9D /* PlacesRouterTests.swift in Sources */ = {isa = PBXBuildFile; fileRef = 8A5909CCDDDE3F24EF29EEBC /* PlacesRouterTests.swift */; };
		7C4C813FE67A581B8A4CFA31 /* PlacesPresenterTests.swift in Sources */ = {isa = PBXBuildFile; fileRef = D388E340708026EE7CC0808E /* PlacesPresenterTests.swift */; };
		7C7F1ED6985FBBA1E7641A56 /* PlaceCoordinatorInput.swift in Sources */ = {isa = PBXBuildFile; fileRef = C0E888A02E0B350440699A02 /* PlaceCoordinatorInput.swift */; };
		832C57F92287AE7F00A89316 /* ResultsService.swift in Sources */ = {isa = PBXBuildFile; fileRef = 832C57F82287AE7F00A89316 /* ResultsService.swift */; };
		832D69AF2288848B00C28ECA /* LocaisModel.swift in Sources */ = {isa = PBXBuildFile; fileRef = 832D69AE2288848B00C28ECA /* LocaisModel.swift */; };
		8361F073228788E700C582B8 /* ResultCellTableViewCell.swift in Sources */ = {isa = PBXBuildFile; fileRef = 8361F072228788E700C582B8 /* ResultCellTableViewCell.swift */; };
		837BA5E822909A7C002EAEF3 /* Local.swift in Sources */ = {isa = PBXBuildFile; fileRef = 837BA5E722909A7C002EAEF3 /* Local.swift */; };
		83865D5A228782580014D65B /* AppDelegate.swift in Sources */ = {isa = PBXBuildFile; fileRef = 83865D59228782580014D65B /* AppDelegate.swift */; };
		83865D5F228782580014D65B /* Main.storyboard in Resources */ = {isa = PBXBuildFile; fileRef = 83865D5D228782580014D65B /* Main.storyboard */; };
		83865D612287825A0014D65B /* Assets.xcassets in Resources */ = {isa = PBXBuildFile; fileRef = 83865D602287825A0014D65B /* Assets.xcassets */; };
		83865D642287825A0014D65B /* LaunchScreen.storyboard in Resources */ = {isa = PBXBuildFile; fileRef = 83865D622287825A0014D65B /* LaunchScreen.storyboard */; };
		A667B7BF2725331D0ACD1154 /* PlaceInteractorInput.swift in Sources */ = {isa = PBXBuildFile; fileRef = 8B982810ED775ED37142C03E /* PlaceInteractorInput.swift */; };
		AA61EF91CF614D7BE09008A0 /* PlaceViewController.swift in Sources */ = {isa = PBXBuildFile; fileRef = E2E9DB636B8A8BDB95F01CAA /* PlaceViewController.swift */; };
		BF03264A4FD95464B9C87E93 /* PlaceInteractorOutput.swift in Sources */ = {isa = PBXBuildFile; fileRef = 1E623C67680F5363553CDD61 /* PlaceInteractorOutput.swift */; };
		C1D41FF8256043F77AEF4BE7 /* PlacesViewOutput.swift in Sources */ = {isa = PBXBuildFile; fileRef = 8141269DF52692A9C72A67A8 /* PlacesViewOutput.swift */; };
		C948C7DF27A7BF0880B78ECC /* PlacesViewController.swift in Sources */ = {isa = PBXBuildFile; fileRef = A4F53FBD56231B17CE03E99E /* PlacesViewController.swift */; };
		CF0A6D3ED45E473894A8632F /* PlaceRouterTests.swift in Sources */ = {isa = PBXBuildFile; fileRef = 7B470972C77D450B0AE37DF8 /* PlaceRouterTests.swift */; };
		D36A26DFA9C4FEC1AFBC6E21 /* PlacePresenter.swift in Sources */ = {isa = PBXBuildFile; fileRef = C542E325B6F51B5592ED17A5 /* PlacePresenter.swift */; };
/* End PBXBuildFile section */

/* Begin PBXContainerItemProxy section */
		494A6CB422B03F52005DC174 /* PBXContainerItemProxy */ = {
			isa = PBXContainerItemProxy;
			containerPortal = 83865D4E228782580014D65B /* Project object */;
			proxyType = 1;
			remoteGlobalIDString = 83865D55228782580014D65B;
			remoteInfo = "test tabela";
		};
/* End PBXContainerItemProxy section */

/* Begin PBXFileReference section */
		088B40E794DE92057B6DDB9A /* PlacesViewTests.swift */ = {isa = PBXFileReference; includeInIndex = 1; lastKnownFileType = sourcecode.swift; path = PlacesViewTests.swift; sourceTree = "<group>"; };
		0D1B221CFCB93BE02D212D9F /* PlacesInteractorTests.swift */ = {isa = PBXFileReference; includeInIndex = 1; lastKnownFileType = sourcecode.swift; path = PlacesInteractorTests.swift; sourceTree = "<group>"; };
		1E623C67680F5363553CDD61 /* PlaceInteractorOutput.swift */ = {isa = PBXFileReference; includeInIndex = 1; lastKnownFileType = sourcecode.swift; path = PlaceInteractorOutput.swift; sourceTree = "<group>"; };
		49055F0A22A9FFB8004CFCAB /* Coordinator.swift */ = {isa = PBXFileReference; lastKnownFileType = sourcecode.swift; path = Coordinator.swift; sourceTree = "<group>"; };
		49055F0E22AA5F2B004CFCAB /* Storyboarded.swift */ = {isa = PBXFileReference; lastKnownFileType = sourcecode.swift; path = Storyboarded.swift; sourceTree = "<group>"; };
		49055F1022AA62C2004CFCAB /* MainCoordinator.swift */ = {isa = PBXFileReference; lastKnownFileType = sourcecode.swift; path = MainCoordinator.swift; sourceTree = "<group>"; };
		494A6CAF22B03F52005DC174 /* tests.xctest */ = {isa = PBXFileReference; explicitFileType = wrapper.cfbundle; includeInIndex = 0; path = tests.xctest; sourceTree = BUILT_PRODUCTS_DIR; };
		494A6CB122B03F52005DC174 /* tests.swift */ = {isa = PBXFileReference; lastKnownFileType = sourcecode.swift; path = tests.swift; sourceTree = "<group>"; };
		494A6CB322B03F52005DC174 /* Info.plist */ = {isa = PBXFileReference; lastKnownFileType = text.plist.xml; path = Info.plist; sourceTree = "<group>"; };
		494A6CBB22B059E2005DC174 /* PlacesCoordinator.swift */ = {isa = PBXFileReference; lastKnownFileType = sourcecode.swift; path = PlacesCoordinator.swift; sourceTree = "<group>"; };
		494A6CBD22B05AD8005DC174 /* PlacesCoordinatorInput.swift */ = {isa = PBXFileReference; lastKnownFileType = sourcecode.swift; path = PlacesCoordinatorInput.swift; sourceTree = "<group>"; };
		59BA70E22DDF7E5509956F35 /* PlaceViewOutput.swift */ = {isa = PBXFileReference; includeInIndex = 1; lastKnownFileType = sourcecode.swift; path = PlaceViewOutput.swift; sourceTree = "<group>"; };
		68F3B1D37D23D5383B5BDEB2 /* Pods_test_tabela.framework */ = {isa = PBXFileReference; explicitFileType = wrapper.framework; includeInIndex = 0; path = Pods_test_tabela.framework; sourceTree = BUILT_PRODUCTS_DIR; };
		69681BDBE2BAF53BE9764BE8 /* PlacePresenterTests.swift */ = {isa = PBXFileReference; includeInIndex = 1; lastKnownFileType = sourcecode.swift; path = PlacePresenterTests.swift; sourceTree = "<group>"; };
		73913278F7913D6FDD5646A5 /* PlacesInteractor.swift */ = {isa = PBXFileReference; includeInIndex = 1; lastKnownFileType = sourcecode.swift; path = PlacesInteractor.swift; sourceTree = "<group>"; };
		79E7A9C0912F7E0F22FF9F1A /* PlaceModuleInput.swift */ = {isa = PBXFileReference; includeInIndex = 1; lastKnownFileType = sourcecode.swift; path = PlaceModuleInput.swift; sourceTree = "<group>"; };
		7B470972C77D450B0AE37DF8 /* PlaceRouterTests.swift */ = {isa = PBXFileReference; includeInIndex = 1; lastKnownFileType = sourcecode.swift; path = PlaceRouterTests.swift; sourceTree = "<group>"; };
		8141269DF52692A9C72A67A8 /* PlacesViewOutput.swift */ = {isa = PBXFileReference; includeInIndex = 1; lastKnownFileType = sourcecode.swift; path = PlacesViewOutput.swift; sourceTree = "<group>"; };
		8185535EEEAFCF5A482F7178 /* PlaceViewTests.swift */ = {isa = PBXFileReference; includeInIndex = 1; lastKnownFileType = sourcecode.swift; path = PlaceViewTests.swift; sourceTree = "<group>"; };
		832C57F82287AE7F00A89316 /* ResultsService.swift */ = {isa = PBXFileReference; lastKnownFileType = sourcecode.swift; path = ResultsService.swift; sourceTree = "<group>"; };
		832D69AE2288848B00C28ECA /* LocaisModel.swift */ = {isa = PBXFileReference; lastKnownFileType = sourcecode.swift; path = LocaisModel.swift; sourceTree = "<group>"; };
		8361F072228788E700C582B8 /* ResultCellTableViewCell.swift */ = {isa = PBXFileReference; lastKnownFileType = sourcecode.swift; path = ResultCellTableViewCell.swift; sourceTree = "<group>"; };
		837BA5E722909A7C002EAEF3 /* Local.swift */ = {isa = PBXFileReference; lastKnownFileType = sourcecode.swift; path = Local.swift; sourceTree = "<group>"; };
		83865D56228782580014D65B /* test tabela.app */ = {isa = PBXFileReference; explicitFileType = wrapper.application; includeInIndex = 0; path = "test tabela.app"; sourceTree = BUILT_PRODUCTS_DIR; };
		83865D59228782580014D65B /* AppDelegate.swift */ = {isa = PBXFileReference; lastKnownFileType = sourcecode.swift; path = AppDelegate.swift; sourceTree = "<group>"; };
		83865D5E228782580014D65B /* Base */ = {isa = PBXFileReference; lastKnownFileType = file.storyboard; name = Base; path = Base.lproj/Main.storyboard; sourceTree = "<group>"; };
		83865D602287825A0014D65B /* Assets.xcassets */ = {isa = PBXFileReference; lastKnownFileType = folder.assetcatalog; path = Assets.xcassets; sourceTree = "<group>"; };
		83865D632287825A0014D65B /* Base */ = {isa = PBXFileReference; lastKnownFileType = file.storyboard; name = Base; path = Base.lproj/LaunchScreen.storyboard; sourceTree = "<group>"; };
		83865D652287825A0014D65B /* Info.plist */ = {isa = PBXFileReference; lastKnownFileType = text.plist.xml; path = Info.plist; sourceTree = "<group>"; };
		85A25C4F2A6C3176A00D3B05 /* PlacesInteractorInput.swift */ = {isa = PBXFileReference; includeInIndex = 1; lastKnownFileType = sourcecode.swift; path = PlacesInteractorInput.swift; sourceTree = "<group>"; };
		8A5909CCDDDE3F24EF29EEBC /* PlacesRouterTests.swift */ = {isa = PBXFileReference; includeInIndex = 1; lastKnownFileType = sourcecode.swift; path = PlacesRouterTests.swift; sourceTree = "<group>"; };
		8B982810ED775ED37142C03E /* PlaceInteractorInput.swift */ = {isa = PBXFileReference; includeInIndex = 1; lastKnownFileType = sourcecode.swift; path = PlaceInteractorInput.swift; sourceTree = "<group>"; };
		8D815E4F68398E15A4DADDB3 /* PlacesViewInput.swift */ = {isa = PBXFileReference; includeInIndex = 1; lastKnownFileType = sourcecode.swift; path = PlacesViewInput.swift; sourceTree = "<group>"; };
		A4F53FBD56231B17CE03E99E /* PlacesViewController.swift */ = {isa = PBXFileReference; includeInIndex = 1; lastKnownFileType = sourcecode.swift; path = PlacesViewController.swift; sourceTree = "<group>"; };
		A7A38421D888100F43D6D181 /* Pods-test tabela.release.xcconfig */ = {isa = PBXFileReference; includeInIndex = 1; lastKnownFileType = text.xcconfig; name = "Pods-test tabela.release.xcconfig"; path = "Target Support Files/Pods-test tabela/Pods-test tabela.release.xcconfig"; sourceTree = "<group>"; };
		B9F1A0D65FB1FDBE3A7D25BA /* PlaceInteractor.swift */ = {isa = PBXFileReference; includeInIndex = 1; lastKnownFileType = sourcecode.swift; path = PlaceInteractor.swift; sourceTree = "<group>"; };
		C02DB23C3DF45BB48C749B72 /* PlaceConfiguratorTests.swift */ = {isa = PBXFileReference; includeInIndex = 1; lastKnownFileType = sourcecode.swift; path = PlaceConfiguratorTests.swift; sourceTree = "<group>"; };
		C0E888A02E0B350440699A02 /* PlaceCoordinatorInput.swift */ = {isa = PBXFileReference; includeInIndex = 1; lastKnownFileType = sourcecode.swift; path = PlaceCoordinatorInput.swift; sourceTree = "<group>"; };
		C542E325B6F51B5592ED17A5 /* PlacePresenter.swift */ = {isa = PBXFileReference; includeInIndex = 1; lastKnownFileType = sourcecode.swift; path = PlacePresenter.swift; sourceTree = "<group>"; };
		C92C98086E34EDE04DB4D182 /* PlaceInteractorTests.swift */ = {isa = PBXFileReference; includeInIndex = 1; lastKnownFileType = sourcecode.swift; path = PlaceInteractorTests.swift; sourceTree = "<group>"; };
		D388E340708026EE7CC0808E /* PlacesPresenterTests.swift */ = {isa = PBXFileReference; includeInIndex = 1; lastKnownFileType = sourcecode.swift; path = PlacesPresenterTests.swift; sourceTree = "<group>"; };
		D78209C4CEC4CC6A2EC73518 /* PlacesPresenter.swift */ = {isa = PBXFileReference; includeInIndex = 1; lastKnownFileType = sourcecode.swift; path = PlacesPresenter.swift; sourceTree = "<group>"; };
		E2E9DB636B8A8BDB95F01CAA /* PlaceViewController.swift */ = {isa = PBXFileReference; includeInIndex = 1; lastKnownFileType = sourcecode.swift; path = PlaceViewController.swift; sourceTree = "<group>"; };
		E4E9BB87F5FB0DC038069498 /* PlacesInteractorOutput.swift */ = {isa = PBXFileReference; includeInIndex = 1; lastKnownFileType = sourcecode.swift; path = PlacesInteractorOutput.swift; sourceTree = "<group>"; };
		EB90A58485CD1E38133419A2 /* PlacesModuleInput.swift */ = {isa = PBXFileReference; includeInIndex = 1; lastKnownFileType = sourcecode.swift; path = PlacesModuleInput.swift; sourceTree = "<group>"; };
		EE725A38C088AFE1BCECA661 /* PlaceCoordinator.swift */ = {isa = PBXFileReference; includeInIndex = 1; lastKnownFileType = sourcecode.swift; path = PlaceCoordinator.swift; sourceTree = "<group>"; };
		EFF77D3C36E7E04C977938D7 /* Pods-test tabela.debug.xcconfig */ = {isa = PBXFileReference; includeInIndex = 1; lastKnownFileType = text.xcconfig; name = "Pods-test tabela.debug.xcconfig"; path = "Target Support Files/Pods-test tabela/Pods-test tabela.debug.xcconfig"; sourceTree = "<group>"; };
		F06CDF92116927878B4D5F3D /* PlaceViewInput.swift */ = {isa = PBXFileReference; includeInIndex = 1; lastKnownFileType = sourcecode.swift; path = PlaceViewInput.swift; sourceTree = "<group>"; };
/* End PBXFileReference section */

/* Begin PBXFrameworksBuildPhase section */
		494A6CAC22B03F52005DC174 /* Frameworks */ = {
			isa = PBXFrameworksBuildPhase;
			buildActionMask = 2147483647;
			files = (
			);
			runOnlyForDeploymentPostprocessing = 0;
		};
		83865D53228782580014D65B /* Frameworks */ = {
			isa = PBXFrameworksBuildPhase;
			buildActionMask = 2147483647;
			files = (
				200CC49CC979706F2638785F /* Pods_test_tabela.framework in Frameworks */,
			);
			runOnlyForDeploymentPostprocessing = 0;
		};
/* End PBXFrameworksBuildPhase section */

/* Begin PBXGroup section */
		00533FC7E3E2F9FB51985F82 /* Router */ = {
			isa = PBXGroup;
			children = (
				7B470972C77D450B0AE37DF8 /* PlaceRouterTests.swift */,
			);
			path = Router;
			sourceTree = "<group>";
		};
		0A708E65F5E587958D320870 /* Pods */ = {
			isa = PBXGroup;
			children = (
				EFF77D3C36E7E04C977938D7 /* Pods-test tabela.debug.xcconfig */,
				A7A38421D888100F43D6D181 /* Pods-test tabela.release.xcconfig */,
			);
			path = Pods;
			sourceTree = "<group>";
		};
		17FAACB9AB11552956BCF5C6 /* Interactor */ = {
			isa = PBXGroup;
			children = (
				832D69AD2288846D00C28ECA /* DataModels */,
				85A25C4F2A6C3176A00D3B05 /* PlacesInteractorInput.swift */,
				E4E9BB87F5FB0DC038069498 /* PlacesInteractorOutput.swift */,
				73913278F7913D6FDD5646A5 /* PlacesInteractor.swift */,
			);
			path = Interactor;
			sourceTree = "<group>";
		};
		2CCE1E991EF2081013612C93 /* View */ = {
			isa = PBXGroup;
			children = (
				F06CDF92116927878B4D5F3D /* PlaceViewInput.swift */,
				59BA70E22DDF7E5509956F35 /* PlaceViewOutput.swift */,
				E2E9DB636B8A8BDB95F01CAA /* PlaceViewController.swift */,
			);
			path = View;
			sourceTree = "<group>";
		};
		32AD71B3392E26EF657BC8F3 /* View */ = {
			isa = PBXGroup;
			children = (
				088B40E794DE92057B6DDB9A /* PlacesViewTests.swift */,
			);
			path = View;
			sourceTree = "<group>";
		};
		38B28179825BEB28F7A6A733 /* Router */ = {
			isa = PBXGroup;
			children = (
				C0E888A02E0B350440699A02 /* PlaceCoordinatorInput.swift */,
				EE725A38C088AFE1BCECA661 /* PlaceCoordinator.swift */,
			);
			path = Router;
			sourceTree = "<group>";
		};
		3CCA9412ED0C86E01DE28612 /* Presenter */ = {
			isa = PBXGroup;
			children = (
				D388E340708026EE7CC0808E /* PlacesPresenterTests.swift */,
			);
			path = Presenter;
			sourceTree = "<group>";
		};
		3FD1B2671368D46DE1A780F8 /* modules */ = {
			isa = PBXGroup;
			children = (
				D4E34D6A13F691FE21529891 /* Places */,
				42A0DA111F18D80EA4566B65 /* Place */,
			);
			path = modules;
			sourceTree = "<group>";
		};
		42A0DA111F18D80EA4566B65 /* Place */ = {
			isa = PBXGroup;
			children = (
				2CCE1E991EF2081013612C93 /* View */,
				F97C7FF80E292CC24A019865 /* Presenter */,
				612074EA4F3CE3A664AE9424 /* Interactor */,
				38B28179825BEB28F7A6A733 /* Router */,
			);
			path = Place;
			sourceTree = "<group>";
		};
		49055F0922A9FF90004CFCAB /* coordinator */ = {
			isa = PBXGroup;
			children = (
				49055F0A22A9FFB8004CFCAB /* Coordinator.swift */,
				49055F1022AA62C2004CFCAB /* MainCoordinator.swift */,
			);
			path = coordinator;
			sourceTree = "<group>";
		};
		494A6CB022B03F52005DC174 /* tests */ = {
			isa = PBXGroup;
			children = (
				494A6CB122B03F52005DC174 /* tests.swift */,
				494A6CB322B03F52005DC174 /* Info.plist */,
				EA90A9FA7E5B049DB9D164CB /* Places */,
				4C0A5017A8F327B17EF31092 /* Place */,
			);
			path = tests;
			sourceTree = "<group>";
		};
		4C0A5017A8F327B17EF31092 /* Place */ = {
			isa = PBXGroup;
			children = (
				8C3112B1F3ABDFE0754C59F6 /* Configurator */,
				E8AC61ABD553B16A50B10E50 /* View */,
				F08A89008030B684A8233825 /* Interactor */,
				9CE22BB60B6147DC6A2CB952 /* Presenter */,
				00533FC7E3E2F9FB51985F82 /* Router */,
			);
			path = Place;
			sourceTree = "<group>";
		};
		4F712F75800CCD36952A4FCD /* View */ = {
			isa = PBXGroup;
			children = (
				8361F072228788E700C582B8 /* ResultCellTableViewCell.swift */,
				8D815E4F68398E15A4DADDB3 /* PlacesViewInput.swift */,
				8141269DF52692A9C72A67A8 /* PlacesViewOutput.swift */,
				A4F53FBD56231B17CE03E99E /* PlacesViewController.swift */,
			);
			path = View;
			sourceTree = "<group>";
		};
		612074EA4F3CE3A664AE9424 /* Interactor */ = {
			isa = PBXGroup;
			children = (
				8B982810ED775ED37142C03E /* PlaceInteractorInput.swift */,
				1E623C67680F5363553CDD61 /* PlaceInteractorOutput.swift */,
				B9F1A0D65FB1FDBE3A7D25BA /* PlaceInteractor.swift */,
			);
			path = Interactor;
			sourceTree = "<group>";
		};
		65E0C0BFE922C3B651B6F3FA /* Presenter */ = {
			isa = PBXGroup;
			children = (
				EB90A58485CD1E38133419A2 /* PlacesModuleInput.swift */,
				D78209C4CEC4CC6A2EC73518 /* PlacesPresenter.swift */,
			);
			path = Presenter;
			sourceTree = "<group>";
		};
		832C57F72287ADF200A89316 /* services */ = {
			isa = PBXGroup;
			children = (
				832C57F82287AE7F00A89316 /* ResultsService.swift */,
			);
			path = services;
			sourceTree = "<group>";
		};
		832D69AD2288846D00C28ECA /* DataModels */ = {
			isa = PBXGroup;
			children = (
				832D69AE2288848B00C28ECA /* LocaisModel.swift */,
			);
			path = DataModels;
			sourceTree = "<group>";
		};
		837BA5E622909A33002EAEF3 /* Entity */ = {
			isa = PBXGroup;
			children = (
				837BA5E722909A7C002EAEF3 /* Local.swift */,
			);
			path = Entity;
			sourceTree = "<group>";
		};
		83865D4D228782580014D65B = {
			isa = PBXGroup;
			children = (
				83865D58228782580014D65B /* test tabela */,
				494A6CB022B03F52005DC174 /* tests */,
				83865D57228782580014D65B /* Products */,
				0A708E65F5E587958D320870 /* Pods */,
				B1070234C8FE8B973B59D1F2 /* Frameworks */,
			);
			sourceTree = "<group>";
		};
		83865D57228782580014D65B /* Products */ = {
			isa = PBXGroup;
			children = (
				83865D56228782580014D65B /* test tabela.app */,
				494A6CAF22B03F52005DC174 /* tests.xctest */,
			);
			name = Products;
			sourceTree = "<group>";
		};
		83865D58228782580014D65B /* test tabela */ = {
			isa = PBXGroup;
			children = (
				49055F0922A9FF90004CFCAB /* coordinator */,
				83CCE8E62291B45E0028EB6C /* utils */,
				832C57F72287ADF200A89316 /* services */,
				3FD1B2671368D46DE1A780F8 /* modules */,
				83865D59228782580014D65B /* AppDelegate.swift */,
				83865D5D228782580014D65B /* Main.storyboard */,
				83865D602287825A0014D65B /* Assets.xcassets */,
				83865D622287825A0014D65B /* LaunchScreen.storyboard */,
				83865D652287825A0014D65B /* Info.plist */,
			);
			path = "test tabela";
			sourceTree = "<group>";
		};
		83CCE8E62291B45E0028EB6C /* utils */ = {
			isa = PBXGroup;
			children = (
				49055F0E22AA5F2B004CFCAB /* Storyboarded.swift */,
			);
			path = utils;
			sourceTree = "<group>";
		};
		88BE637CF15352103BF2C325 /* Router */ = {
			isa = PBXGroup;
			children = (
				8A5909CCDDDE3F24EF29EEBC /* PlacesRouterTests.swift */,
			);
			path = Router;
			sourceTree = "<group>";
		};
		8C3112B1F3ABDFE0754C59F6 /* Configurator */ = {
			isa = PBXGroup;
			children = (
				C02DB23C3DF45BB48C749B72 /* PlaceConfiguratorTests.swift */,
			);
			path = Configurator;
			sourceTree = "<group>";
		};
		90C816A15397E8850FE7753B /* Interactor */ = {
			isa = PBXGroup;
			children = (
				0D1B221CFCB93BE02D212D9F /* PlacesInteractorTests.swift */,
			);
			path = Interactor;
			sourceTree = "<group>";
		};
		99A934C202AFF4355FC9389C /* Router */ = {
			isa = PBXGroup;
			children = (
				494A6CBB22B059E2005DC174 /* PlacesCoordinator.swift */,
				494A6CBD22B05AD8005DC174 /* PlacesCoordinatorInput.swift */,
			);
			path = Router;
			sourceTree = "<group>";
		};
		9CE22BB60B6147DC6A2CB952 /* Presenter */ = {
			isa = PBXGroup;
			children = (
				69681BDBE2BAF53BE9764BE8 /* PlacePresenterTests.swift */,
			);
			path = Presenter;
			sourceTree = "<group>";
		};
		B1070234C8FE8B973B59D1F2 /* Frameworks */ = {
			isa = PBXGroup;
			children = (
				68F3B1D37D23D5383B5BDEB2 /* Pods_test_tabela.framework */,
			);
			name = Frameworks;
			sourceTree = "<group>";
		};
		D4E34D6A13F691FE21529891 /* Places */ = {
			isa = PBXGroup;
			children = (
				4F712F75800CCD36952A4FCD /* View */,
				17FAACB9AB11552956BCF5C6 /* Interactor */,
				65E0C0BFE922C3B651B6F3FA /* Presenter */,
				837BA5E622909A33002EAEF3 /* Entity */,
				99A934C202AFF4355FC9389C /* Router */,
			);
			path = Places;
			sourceTree = "<group>";
		};
		E8AC61ABD553B16A50B10E50 /* View */ = {
			isa = PBXGroup;
			children = (
				8185535EEEAFCF5A482F7178 /* PlaceViewTests.swift */,
			);
			path = View;
			sourceTree = "<group>";
		};
		EA90A9FA7E5B049DB9D164CB /* Places */ = {
			isa = PBXGroup;
			children = (
				32AD71B3392E26EF657BC8F3 /* View */,
				90C816A15397E8850FE7753B /* Interactor */,
				3CCA9412ED0C86E01DE28612 /* Presenter */,
				88BE637CF15352103BF2C325 /* Router */,
			);
			path = Places;
			sourceTree = "<group>";
		};
		F08A89008030B684A8233825 /* Interactor */ = {
			isa = PBXGroup;
			children = (
				C92C98086E34EDE04DB4D182 /* PlaceInteractorTests.swift */,
			);
			path = Interactor;
			sourceTree = "<group>";
		};
		F97C7FF80E292CC24A019865 /* Presenter */ = {
			isa = PBXGroup;
			children = (
				79E7A9C0912F7E0F22FF9F1A /* PlaceModuleInput.swift */,
				C542E325B6F51B5592ED17A5 /* PlacePresenter.swift */,
			);
			path = Presenter;
			sourceTree = "<group>";
		};
/* End PBXGroup section */

/* Begin PBXNativeTarget section */
		494A6CAE22B03F52005DC174 /* tests */ = {
			isa = PBXNativeTarget;
			buildConfigurationList = 494A6CB822B03F52005DC174 /* Build configuration list for PBXNativeTarget "tests" */;
			buildPhases = (
				494A6CAB22B03F52005DC174 /* Sources */,
				494A6CAC22B03F52005DC174 /* Frameworks */,
				494A6CAD22B03F52005DC174 /* Resources */,
			);
			buildRules = (
			);
			dependencies = (
				494A6CB522B03F52005DC174 /* PBXTargetDependency */,
			);
			name = tests;
			productName = tests;
			productReference = 494A6CAF22B03F52005DC174 /* tests.xctest */;
			productType = "com.apple.product-type.bundle.unit-test";
		};
		83865D55228782580014D65B /* test tabela */ = {
			isa = PBXNativeTarget;
			buildConfigurationList = 83865D682287825A0014D65B /* Build configuration list for PBXNativeTarget "test tabela" */;
			buildPhases = (
				9EAF2658430018781313815B /* [CP] Check Pods Manifest.lock */,
				83865D52228782580014D65B /* Sources */,
				83865D53228782580014D65B /* Frameworks */,
				83865D54228782580014D65B /* Resources */,
				C75D8BA669B06C135B199E31 /* [CP] Embed Pods Frameworks */,
			);
			buildRules = (
			);
			dependencies = (
			);
			name = "test tabela";
			productName = "test tabela";
			productReference = 83865D56228782580014D65B /* test tabela.app */;
			productType = "com.apple.product-type.application";
		};
/* End PBXNativeTarget section */

/* Begin PBXProject section */
		83865D4E228782580014D65B /* Project object */ = {
			isa = PBXProject;
			attributes = {
				LastSwiftUpdateCheck = 1020;
				LastUpgradeCheck = 1020;
				ORGANIZATIONNAME = sgelves;
				TargetAttributes = {
					494A6CAE22B03F52005DC174 = {
						CreatedOnToolsVersion = 10.2.1;
						TestTargetID = 83865D55228782580014D65B;
					};
					83865D55228782580014D65B = {
						CreatedOnToolsVersion = 10.2.1;
					};
				};
			};
			buildConfigurationList = 83865D51228782580014D65B /* Build configuration list for PBXProject "test tabela" */;
			compatibilityVersion = "Xcode 9.3";
			developmentRegion = en;
			hasScannedForEncodings = 0;
			knownRegions = (
				en,
				Base,
			);
			mainGroup = 83865D4D228782580014D65B;
			productRefGroup = 83865D57228782580014D65B /* Products */;
			projectDirPath = "";
			projectRoot = "";
			targets = (
				83865D55228782580014D65B /* test tabela */,
				494A6CAE22B03F52005DC174 /* tests */,
			);
		};
/* End PBXProject section */

/* Begin PBXResourcesBuildPhase section */
		494A6CAD22B03F52005DC174 /* Resources */ = {
			isa = PBXResourcesBuildPhase;
			buildActionMask = 2147483647;
			files = (
			);
			runOnlyForDeploymentPostprocessing = 0;
		};
		83865D54228782580014D65B /* Resources */ = {
			isa = PBXResourcesBuildPhase;
			buildActionMask = 2147483647;
			files = (
				83865D642287825A0014D65B /* LaunchScreen.storyboard in Resources */,
				83865D612287825A0014D65B /* Assets.xcassets in Resources */,
				83865D5F228782580014D65B /* Main.storyboard in Resources */,
			);
			runOnlyForDeploymentPostprocessing = 0;
		};
/* End PBXResourcesBuildPhase section */

/* Begin PBXShellScriptBuildPhase section */
		9EAF2658430018781313815B /* [CP] Check Pods Manifest.lock */ = {
			isa = PBXShellScriptBuildPhase;
			buildActionMask = 2147483647;
			files = (
			);
			inputFileListPaths = (
			);
			inputPaths = (
				"${PODS_PODFILE_DIR_PATH}/Podfile.lock",
				"${PODS_ROOT}/Manifest.lock",
			);
			name = "[CP] Check Pods Manifest.lock";
			outputFileListPaths = (
			);
			outputPaths = (
				"$(DERIVED_FILE_DIR)/Pods-test tabela-checkManifestLockResult.txt",
			);
			runOnlyForDeploymentPostprocessing = 0;
			shellPath = /bin/sh;
			shellScript = "diff \"${PODS_PODFILE_DIR_PATH}/Podfile.lock\" \"${PODS_ROOT}/Manifest.lock\" > /dev/null\nif [ $? != 0 ] ; then\n    # print error to STDERR\n    echo \"error: The sandbox is not in sync with the Podfile.lock. Run 'pod install' or update your CocoaPods installation.\" >&2\n    exit 1\nfi\n# This output is used by Xcode 'outputs' to avoid re-running this script phase.\necho \"SUCCESS\" > \"${SCRIPT_OUTPUT_FILE_0}\"\n";
			showEnvVarsInLog = 0;
		};
		C75D8BA669B06C135B199E31 /* [CP] Embed Pods Frameworks */ = {
			isa = PBXShellScriptBuildPhase;
			buildActionMask = 2147483647;
			files = (
			);
			inputFileListPaths = (
				"${PODS_ROOT}/Target Support Files/Pods-test tabela/Pods-test tabela-frameworks-${CONFIGURATION}-input-files.xcfilelist",
			);
			name = "[CP] Embed Pods Frameworks";
			outputFileListPaths = (
				"${PODS_ROOT}/Target Support Files/Pods-test tabela/Pods-test tabela-frameworks-${CONFIGURATION}-output-files.xcfilelist",
			);
			runOnlyForDeploymentPostprocessing = 0;
			shellPath = /bin/sh;
			shellScript = "\"${PODS_ROOT}/Target Support Files/Pods-test tabela/Pods-test tabela-frameworks.sh\"\n";
			showEnvVarsInLog = 0;
		};
/* End PBXShellScriptBuildPhase section */

/* Begin PBXSourcesBuildPhase section */
		494A6CAB22B03F52005DC174 /* Sources */ = {
			isa = PBXSourcesBuildPhase;
			buildActionMask = 2147483647;
			files = (
				494A6CB222B03F52005DC174 /* tests.swift in Sources */,
				4B6FE59BE1415146299C713D /* PlacesViewTests.swift in Sources */,
				1B4A7D8C231B82726E0022C3 /* PlacesInteractorTests.swift in Sources */,
				7C4C813FE67A581B8A4CFA31 /* PlacesPresenterTests.swift in Sources */,
				79A4C4F38C75605FF0058A9D /* PlacesRouterTests.swift in Sources */,
				50B045851E7DF24F0FF60FEF /* PlaceConfiguratorTests.swift in Sources */,
				23FD9F539E652EC95E199284 /* PlaceViewTests.swift in Sources */,
				13870B9536C09F81D208EE57 /* PlaceInteractorTests.swift in Sources */,
				484AE1AB98F97A145974A5E3 /* PlacePresenterTests.swift in Sources */,
				CF0A6D3ED45E473894A8632F /* PlaceRouterTests.swift in Sources */,
			);
			runOnlyForDeploymentPostprocessing = 0;
		};
		83865D52228782580014D65B /* Sources */ = {
			isa = PBXSourcesBuildPhase;
			buildActionMask = 2147483647;
			files = (
				832D69AF2288848B00C28ECA /* LocaisModel.swift in Sources */,
				837BA5E822909A7C002EAEF3 /* Local.swift in Sources */,
				832C57F92287AE7F00A89316 /* ResultsService.swift in Sources */,
				8361F073228788E700C582B8 /* ResultCellTableViewCell.swift in Sources */,
				83865D5A228782580014D65B /* AppDelegate.swift in Sources */,
				494A6CBC22B059E2005DC174 /* PlacesCoordinator.swift in Sources */,
				49055F0B22A9FFB8004CFCAB /* Coordinator.swift in Sources */,
				49055F1122AA62C2004CFCAB /* MainCoordinator.swift in Sources */,
				49055F0F22AA5F2B004CFCAB /* Storyboarded.swift in Sources */,
				494A6CBE22B05AD8005DC174 /* PlacesCoordinatorInput.swift in Sources */,
				08A0AB798B45E93FF11FE582 /* PlacesViewInput.swift in Sources */,
				C1D41FF8256043F77AEF4BE7 /* PlacesViewOutput.swift in Sources */,
				C948C7DF27A7BF0880B78ECC /* PlacesViewController.swift in Sources */,
				51389718535F99603B285ABC /* PlacesModuleInput.swift in Sources */,
				5B313515CA0958791898F8FC /* PlacesPresenter.swift in Sources */,
				3A0C179A36C0D165FA636505 /* PlacesInteractorInput.swift in Sources */,
				5F1A2CD7AD09B564BD7E2DDF /* PlacesInteractorOutput.swift in Sources */,
				1ACAAA02ED2057E1CE655015 /* PlacesInteractor.swift in Sources */,
				48DC1DA72515FA69F6422E81 /* PlaceViewInput.swift in Sources */,
				2C59A82ED56253F0CEE394C8 /* PlaceViewOutput.swift in Sources */,
				AA61EF91CF614D7BE09008A0 /* PlaceViewController.swift in Sources */,
				18F6D73053DBCC0C2CC8B640 /* PlaceModuleInput.swift in Sources */,
				D36A26DFA9C4FEC1AFBC6E21 /* PlacePresenter.swift in Sources */,
				A667B7BF2725331D0ACD1154 /* PlaceInteractorInput.swift in Sources */,
				BF03264A4FD95464B9C87E93 /* PlaceInteractorOutput.swift in Sources */,
				5F24673267802CA5E7331C27 /* PlaceInteractor.swift in Sources */,
				7C7F1ED6985FBBA1E7641A56 /* PlaceCoordinatorInput.swift in Sources */,
				57324FF11640048558A274CC /* PlaceCoordinator.swift in Sources */,
			);
			runOnlyForDeploymentPostprocessing = 0;
		};
/* End PBXSourcesBuildPhase section */

/* Begin PBXTargetDependency section */
		494A6CB522B03F52005DC174 /* PBXTargetDependency */ = {
			isa = PBXTargetDependency;
			target = 83865D55228782580014D65B /* test tabela */;
			targetProxy = 494A6CB422B03F52005DC174 /* PBXContainerItemProxy */;
		};
/* End PBXTargetDependency section */

/* Begin PBXVariantGroup section */
		83865D5D228782580014D65B /* Main.storyboard */ = {
			isa = PBXVariantGroup;
			children = (
				83865D5E228782580014D65B /* Base */,
			);
			name = Main.storyboard;
			sourceTree = "<group>";
		};
		83865D622287825A0014D65B /* LaunchScreen.storyboard */ = {
			isa = PBXVariantGroup;
			children = (
				83865D632287825A0014D65B /* Base */,
			);
			name = LaunchScreen.storyboard;
			sourceTree = "<group>";
		};
/* End PBXVariantGroup section */

/* Begin XCBuildConfiguration section */
		494A6CB622B03F52005DC174 /* Debug */ = {
			isa = XCBuildConfiguration;
			buildSettings = {
				BUNDLE_LOADER = "$(TEST_HOST)";
				CODE_SIGN_STYLE = Automatic;
				DEVELOPMENT_TEAM = X9VMMDK9B3;
				INFOPLIST_FILE = tests/Info.plist;
				LD_RUNPATH_SEARCH_PATHS = (
					"$(inherited)",
					"@executable_path/Frameworks",
					"@loader_path/Frameworks",
				);
				PRODUCT_BUNDLE_IDENTIFIER = sgelves.tests;
				PRODUCT_NAME = "$(TARGET_NAME)";
				SWIFT_VERSION = 5.0;
				TARGETED_DEVICE_FAMILY = "1,2";
				TEST_HOST = "$(BUILT_PRODUCTS_DIR)/test tabela.app/test tabela";
			};
			name = Debug;
		};
		494A6CB722B03F52005DC174 /* Release */ = {
			isa = XCBuildConfiguration;
			buildSettings = {
				BUNDLE_LOADER = "$(TEST_HOST)";
				CODE_SIGN_STYLE = Automatic;
				DEVELOPMENT_TEAM = X9VMMDK9B3;
				INFOPLIST_FILE = tests/Info.plist;
				LD_RUNPATH_SEARCH_PATHS = (
					"$(inherited)",
					"@executable_path/Frameworks",
					"@loader_path/Frameworks",
				);
				PRODUCT_BUNDLE_IDENTIFIER = sgelves.tests;
				PRODUCT_NAME = "$(TARGET_NAME)";
				SWIFT_VERSION = 5.0;
				TARGETED_DEVICE_FAMILY = "1,2";
				TEST_HOST = "$(BUILT_PRODUCTS_DIR)/test tabela.app/test tabela";
			};
			name = Release;
		};
		83865D662287825A0014D65B /* Debug */ = {
			isa = XCBuildConfiguration;
			buildSettings = {
				ALWAYS_SEARCH_USER_PATHS = NO;
				CLANG_ANALYZER_NONNULL = YES;
				CLANG_ANALYZER_NUMBER_OBJECT_CONVERSION = YES_AGGRESSIVE;
				CLANG_CXX_LANGUAGE_STANDARD = "gnu++14";
				CLANG_CXX_LIBRARY = "libc++";
				CLANG_ENABLE_MODULES = YES;
				CLANG_ENABLE_OBJC_ARC = YES;
				CLANG_ENABLE_OBJC_WEAK = YES;
				CLANG_WARN_BLOCK_CAPTURE_AUTORELEASING = YES;
				CLANG_WARN_BOOL_CONVERSION = YES;
				CLANG_WARN_COMMA = YES;
				CLANG_WARN_CONSTANT_CONVERSION = YES;
				CLANG_WARN_DEPRECATED_OBJC_IMPLEMENTATIONS = YES;
				CLANG_WARN_DIRECT_OBJC_ISA_USAGE = YES_ERROR;
				CLANG_WARN_DOCUMENTATION_COMMENTS = YES;
				CLANG_WARN_EMPTY_BODY = YES;
				CLANG_WARN_ENUM_CONVERSION = YES;
				CLANG_WARN_INFINITE_RECURSION = YES;
				CLANG_WARN_INT_CONVERSION = YES;
				CLANG_WARN_NON_LITERAL_NULL_CONVERSION = YES;
				CLANG_WARN_OBJC_IMPLICIT_RETAIN_SELF = YES;
				CLANG_WARN_OBJC_LITERAL_CONVERSION = YES;
				CLANG_WARN_OBJC_ROOT_CLASS = YES_ERROR;
				CLANG_WARN_RANGE_LOOP_ANALYSIS = YES;
				CLANG_WARN_STRICT_PROTOTYPES = YES;
				CLANG_WARN_SUSPICIOUS_MOVE = YES;
				CLANG_WARN_UNGUARDED_AVAILABILITY = YES_AGGRESSIVE;
				CLANG_WARN_UNREACHABLE_CODE = YES;
				CLANG_WARN__DUPLICATE_METHOD_MATCH = YES;
				CODE_SIGN_IDENTITY = "iPhone Developer";
				COPY_PHASE_STRIP = NO;
				DEBUG_INFORMATION_FORMAT = dwarf;
				ENABLE_STRICT_OBJC_MSGSEND = YES;
				ENABLE_TESTABILITY = YES;
				GCC_C_LANGUAGE_STANDARD = gnu11;
				GCC_DYNAMIC_NO_PIC = NO;
				GCC_NO_COMMON_BLOCKS = YES;
				GCC_OPTIMIZATION_LEVEL = 0;
				GCC_PREPROCESSOR_DEFINITIONS = (
					"DEBUG=1",
					"$(inherited)",
				);
				GCC_WARN_64_TO_32_BIT_CONVERSION = YES;
				GCC_WARN_ABOUT_RETURN_TYPE = YES_ERROR;
				GCC_WARN_UNDECLARED_SELECTOR = YES;
				GCC_WARN_UNINITIALIZED_AUTOS = YES_AGGRESSIVE;
				GCC_WARN_UNUSED_FUNCTION = YES;
				GCC_WARN_UNUSED_VARIABLE = YES;
				IPHONEOS_DEPLOYMENT_TARGET = 12.2;
				MTL_ENABLE_DEBUG_INFO = INCLUDE_SOURCE;
				MTL_FAST_MATH = YES;
				ONLY_ACTIVE_ARCH = YES;
				SDKROOT = iphoneos;
				SWIFT_ACTIVE_COMPILATION_CONDITIONS = DEBUG;
				SWIFT_OPTIMIZATION_LEVEL = "-Onone";
			};
			name = Debug;
		};
		83865D672287825A0014D65B /* Release */ = {
			isa = XCBuildConfiguration;
			buildSettings = {
				ALWAYS_SEARCH_USER_PATHS = NO;
				CLANG_ANALYZER_NONNULL = YES;
				CLANG_ANALYZER_NUMBER_OBJECT_CONVERSION = YES_AGGRESSIVE;
				CLANG_CXX_LANGUAGE_STANDARD = "gnu++14";
				CLANG_CXX_LIBRARY = "libc++";
				CLANG_ENABLE_MODULES = YES;
				CLANG_ENABLE_OBJC_ARC = YES;
				CLANG_ENABLE_OBJC_WEAK = YES;
				CLANG_WARN_BLOCK_CAPTURE_AUTORELEASING = YES;
				CLANG_WARN_BOOL_CONVERSION = YES;
				CLANG_WARN_COMMA = YES;
				CLANG_WARN_CONSTANT_CONVERSION = YES;
				CLANG_WARN_DEPRECATED_OBJC_IMPLEMENTATIONS = YES;
				CLANG_WARN_DIRECT_OBJC_ISA_USAGE = YES_ERROR;
				CLANG_WARN_DOCUMENTATION_COMMENTS = YES;
				CLANG_WARN_EMPTY_BODY = YES;
				CLANG_WARN_ENUM_CONVERSION = YES;
				CLANG_WARN_INFINITE_RECURSION = YES;
				CLANG_WARN_INT_CONVERSION = YES;
				CLANG_WARN_NON_LITERAL_NULL_CONVERSION = YES;
				CLANG_WARN_OBJC_IMPLICIT_RETAIN_SELF = YES;
				CLANG_WARN_OBJC_LITERAL_CONVERSION = YES;
				CLANG_WARN_OBJC_ROOT_CLASS = YES_ERROR;
				CLANG_WARN_RANGE_LOOP_ANALYSIS = YES;
				CLANG_WARN_STRICT_PROTOTYPES = YES;
				CLANG_WARN_SUSPICIOUS_MOVE = YES;
				CLANG_WARN_UNGUARDED_AVAILABILITY = YES_AGGRESSIVE;
				CLANG_WARN_UNREACHABLE_CODE = YES;
				CLANG_WARN__DUPLICATE_METHOD_MATCH = YES;
				CODE_SIGN_IDENTITY = "iPhone Developer";
				COPY_PHASE_STRIP = NO;
				DEBUG_INFORMATION_FORMAT = "dwarf-with-dsym";
				ENABLE_NS_ASSERTIONS = NO;
				ENABLE_STRICT_OBJC_MSGSEND = YES;
				GCC_C_LANGUAGE_STANDARD = gnu11;
				GCC_NO_COMMON_BLOCKS = YES;
				GCC_WARN_64_TO_32_BIT_CONVERSION = YES;
				GCC_WARN_ABOUT_RETURN_TYPE = YES_ERROR;
				GCC_WARN_UNDECLARED_SELECTOR = YES;
				GCC_WARN_UNINITIALIZED_AUTOS = YES_AGGRESSIVE;
				GCC_WARN_UNUSED_FUNCTION = YES;
				GCC_WARN_UNUSED_VARIABLE = YES;
				IPHONEOS_DEPLOYMENT_TARGET = 12.2;
				MTL_ENABLE_DEBUG_INFO = NO;
				MTL_FAST_MATH = YES;
				SDKROOT = iphoneos;
				SWIFT_COMPILATION_MODE = wholemodule;
				SWIFT_OPTIMIZATION_LEVEL = "-O";
				VALIDATE_PRODUCT = YES;
			};
			name = Release;
		};
		83865D692287825A0014D65B /* Debug */ = {
			isa = XCBuildConfiguration;
			baseConfigurationReference = EFF77D3C36E7E04C977938D7 /* Pods-test tabela.debug.xcconfig */;
			buildSettings = {
				ASSETCATALOG_COMPILER_APPICON_NAME = AppIcon;
				ASSETCATALOG_COMPILER_LAUNCHIMAGE_NAME = LaunchImage;
				CODE_SIGN_STYLE = Automatic;
				INFOPLIST_FILE = "test tabela/Info.plist";
				LD_RUNPATH_SEARCH_PATHS = (
					"$(inherited)",
					"@executable_path/Frameworks",
				);
				PRODUCT_BUNDLE_IDENTIFIER = "sgelves.test-tabela";
				PRODUCT_NAME = "$(TARGET_NAME)";
				SWIFT_VERSION = 5.0;
				TARGETED_DEVICE_FAMILY = "1,2";
			};
			name = Debug;
		};
		83865D6A2287825A0014D65B /* Release */ = {
			isa = XCBuildConfiguration;
			baseConfigurationReference = A7A38421D888100F43D6D181 /* Pods-test tabela.release.xcconfig */;
			buildSettings = {
				ASSETCATALOG_COMPILER_APPICON_NAME = AppIcon;
				ASSETCATALOG_COMPILER_LAUNCHIMAGE_NAME = LaunchImage;
				CODE_SIGN_STYLE = Automatic;
				INFOPLIST_FILE = "test tabela/Info.plist";
				LD_RUNPATH_SEARCH_PATHS = (
					"$(inherited)",
					"@executable_path/Frameworks",
				);
				PRODUCT_BUNDLE_IDENTIFIER = "sgelves.test-tabela";
				PRODUCT_NAME = "$(TARGET_NAME)";
				SWIFT_VERSION = 5.0;
				TARGETED_DEVICE_FAMILY = "1,2";
			};
			name = Release;
		};
/* End XCBuildConfiguration section */

/* Begin XCConfigurationList section */
		494A6CB822B03F52005DC174 /* Build configuration list for PBXNativeTarget "tests" */ = {
			isa = XCConfigurationList;
			buildConfigurations = (
				494A6CB622B03F52005DC174 /* Debug */,
				494A6CB722B03F52005DC174 /* Release */,
			);
			defaultConfigurationIsVisible = 0;
			defaultConfigurationName = Release;
		};
		83865D51228782580014D65B /* Build configuration list for PBXProject "test tabela" */ = {
			isa = XCConfigurationList;
			buildConfigurations = (
				83865D662287825A0014D65B /* Debug */,
				83865D672287825A0014D65B /* Release */,
			);
			defaultConfigurationIsVisible = 0;
			defaultConfigurationName = Release;
		};
		83865D682287825A0014D65B /* Build configuration list for PBXNativeTarget "test tabela" */ = {
			isa = XCConfigurationList;
			buildConfigurations = (
				83865D692287825A0014D65B /* Debug */,
				83865D6A2287825A0014D65B /* Release */,
			);
			defaultConfigurationIsVisible = 0;
			defaultConfigurationName = Release;
		};
/* End XCConfigurationList section */
	};
	rootObject = 83865D4E228782580014D65B /* Project object */;
}
