// !$*UTF8*$!
{
	archiveVersion = 1;
	classes = {
	};
	objectVersion = 51;
	objects = {

/* Begin PBXBuildFile section */
		200CC49CC979706F2638785F /* Pods_test_tabela.framework in Frameworks */ = {isa = PBXBuildFile; fileRef = 68F3B1D37D23D5383B5BDEB2 /* Pods_test_tabela.framework */; };
		49055F0B22A9FFB8004CFCAB /* Coordinator.swift in Sources */ = {isa = PBXBuildFile; fileRef = 49055F0A22A9FFB8004CFCAB /* Coordinator.swift */; };
		49055F0F22AA5F2B004CFCAB /* Storyboarded.swift in Sources */ = {isa = PBXBuildFile; fileRef = 49055F0E22AA5F2B004CFCAB /* Storyboarded.swift */; };
		49055F1122AA62C2004CFCAB /* MainCoordinator.swift in Sources */ = {isa = PBXBuildFile; fileRef = 49055F1022AA62C2004CFCAB /* MainCoordinator.swift */; };
		49055F1322AA69B3004CFCAB /* LocalViewController.swift in Sources */ = {isa = PBXBuildFile; fileRef = 49055F1222AA69B3004CFCAB /* LocalViewController.swift */; };
		832C57F92287AE7F00A89316 /* ResultsService.swift in Sources */ = {isa = PBXBuildFile; fileRef = 832C57F82287AE7F00A89316 /* ResultsService.swift */; };
		832D69AF2288848B00C28ECA /* LocaisModel.swift in Sources */ = {isa = PBXBuildFile; fileRef = 832D69AE2288848B00C28ECA /* LocaisModel.swift */; };
		8361F073228788E700C582B8 /* ResultCellTableViewCell.swift in Sources */ = {isa = PBXBuildFile; fileRef = 8361F072228788E700C582B8 /* ResultCellTableViewCell.swift */; };
		8361F07722878AC300C582B8 /* ResultsViewController.swift in Sources */ = {isa = PBXBuildFile; fileRef = 8361F07622878AC300C582B8 /* ResultsViewController.swift */; };
		837BA5E822909A7C002EAEF3 /* Local.swift in Sources */ = {isa = PBXBuildFile; fileRef = 837BA5E722909A7C002EAEF3 /* Local.swift */; };
		83865D5A228782580014D65B /* AppDelegate.swift in Sources */ = {isa = PBXBuildFile; fileRef = 83865D59228782580014D65B /* AppDelegate.swift */; };
		83865D5F228782580014D65B /* Main.storyboard in Resources */ = {isa = PBXBuildFile; fileRef = 83865D5D228782580014D65B /* Main.storyboard */; };
		83865D612287825A0014D65B /* Assets.xcassets in Resources */ = {isa = PBXBuildFile; fileRef = 83865D602287825A0014D65B /* Assets.xcassets */; };
		83865D642287825A0014D65B /* LaunchScreen.storyboard in Resources */ = {isa = PBXBuildFile; fileRef = 83865D622287825A0014D65B /* LaunchScreen.storyboard */; };
/* End PBXBuildFile section */

/* Begin PBXFileReference section */
		49055F0A22A9FFB8004CFCAB /* Coordinator.swift */ = {isa = PBXFileReference; lastKnownFileType = sourcecode.swift; path = Coordinator.swift; sourceTree = "<group>"; };
		49055F0E22AA5F2B004CFCAB /* Storyboarded.swift */ = {isa = PBXFileReference; lastKnownFileType = sourcecode.swift; path = Storyboarded.swift; sourceTree = "<group>"; };
		49055F1022AA62C2004CFCAB /* MainCoordinator.swift */ = {isa = PBXFileReference; lastKnownFileType = sourcecode.swift; path = MainCoordinator.swift; sourceTree = "<group>"; };
		49055F1222AA69B3004CFCAB /* LocalViewController.swift */ = {isa = PBXFileReference; lastKnownFileType = sourcecode.swift; path = LocalViewController.swift; sourceTree = "<group>"; };
		68F3B1D37D23D5383B5BDEB2 /* Pods_test_tabela.framework */ = {isa = PBXFileReference; explicitFileType = wrapper.framework; includeInIndex = 0; path = Pods_test_tabela.framework; sourceTree = BUILT_PRODUCTS_DIR; };
		832C57F82287AE7F00A89316 /* ResultsService.swift */ = {isa = PBXFileReference; lastKnownFileType = sourcecode.swift; path = ResultsService.swift; sourceTree = "<group>"; };
		832D69AE2288848B00C28ECA /* LocaisModel.swift */ = {isa = PBXFileReference; lastKnownFileType = sourcecode.swift; path = LocaisModel.swift; sourceTree = "<group>"; };
		8361F072228788E700C582B8 /* ResultCellTableViewCell.swift */ = {isa = PBXFileReference; lastKnownFileType = sourcecode.swift; path = ResultCellTableViewCell.swift; sourceTree = "<group>"; };
		8361F07622878AC300C582B8 /* ResultsViewController.swift */ = {isa = PBXFileReference; lastKnownFileType = sourcecode.swift; path = ResultsViewController.swift; sourceTree = "<group>"; };
		837BA5E722909A7C002EAEF3 /* Local.swift */ = {isa = PBXFileReference; lastKnownFileType = sourcecode.swift; path = Local.swift; sourceTree = "<group>"; };
		83865D56228782580014D65B /* test tabela.app */ = {isa = PBXFileReference; explicitFileType = wrapper.application; includeInIndex = 0; path = "test tabela.app"; sourceTree = BUILT_PRODUCTS_DIR; };
		83865D59228782580014D65B /* AppDelegate.swift */ = {isa = PBXFileReference; lastKnownFileType = sourcecode.swift; path = AppDelegate.swift; sourceTree = "<group>"; };
		83865D5E228782580014D65B /* Base */ = {isa = PBXFileReference; lastKnownFileType = file.storyboard; name = Base; path = Base.lproj/Main.storyboard; sourceTree = "<group>"; };
		83865D602287825A0014D65B /* Assets.xcassets */ = {isa = PBXFileReference; lastKnownFileType = folder.assetcatalog; path = Assets.xcassets; sourceTree = "<group>"; };
		83865D632287825A0014D65B /* Base */ = {isa = PBXFileReference; lastKnownFileType = file.storyboard; name = Base; path = Base.lproj/LaunchScreen.storyboard; sourceTree = "<group>"; };
		83865D652287825A0014D65B /* Info.plist */ = {isa = PBXFileReference; lastKnownFileType = text.plist.xml; path = Info.plist; sourceTree = "<group>"; };
		A7A38421D888100F43D6D181 /* Pods-test tabela.release.xcconfig */ = {isa = PBXFileReference; includeInIndex = 1; lastKnownFileType = text.xcconfig; name = "Pods-test tabela.release.xcconfig"; path = "Target Support Files/Pods-test tabela/Pods-test tabela.release.xcconfig"; sourceTree = "<group>"; };
		EFF77D3C36E7E04C977938D7 /* Pods-test tabela.debug.xcconfig */ = {isa = PBXFileReference; includeInIndex = 1; lastKnownFileType = text.xcconfig; name = "Pods-test tabela.debug.xcconfig"; path = "Target Support Files/Pods-test tabela/Pods-test tabela.debug.xcconfig"; sourceTree = "<group>"; };
/* End PBXFileReference section */

/* Begin PBXFrameworksBuildPhase section */
		83865D53228782580014D65B /* Frameworks */ = {
			isa = PBXFrameworksBuildPhase;
			buildActionMask = 2147483647;
			files = (
				200CC49CC979706F2638785F /* Pods_test_tabela.framework in Frameworks */,
			);
			runOnlyForDeploymentPostprocessing = 0;
		};
/* End PBXFrameworksBuildPhase section */

/* Begin PBXGroup section */
		0A708E65F5E587958D320870 /* Pods */ = {
			isa = PBXGroup;
			children = (
				EFF77D3C36E7E04C977938D7 /* Pods-test tabela.debug.xcconfig */,
				A7A38421D888100F43D6D181 /* Pods-test tabela.release.xcconfig */,
			);
			path = Pods;
			sourceTree = "<group>";
		};
		49055F0922A9FF90004CFCAB /* coordinator */ = {
			isa = PBXGroup;
			children = (
				49055F0A22A9FFB8004CFCAB /* Coordinator.swift */,
				49055F1022AA62C2004CFCAB /* MainCoordinator.swift */,
			);
			path = coordinator;
			sourceTree = "<group>";
		};
		832C57F72287ADF200A89316 /* services */ = {
			isa = PBXGroup;
			children = (
				832C57F82287AE7F00A89316 /* ResultsService.swift */,
			);
			path = services;
			sourceTree = "<group>";
		};
		832D69AD2288846D00C28ECA /* models */ = {
			isa = PBXGroup;
			children = (
				837BA5E622909A33002EAEF3 /* entities */,
				832D69AE2288848B00C28ECA /* LocaisModel.swift */,
			);
			path = models;
			sourceTree = "<group>";
		};
		8361F071228788B400C582B8 /* views */ = {
			isa = PBXGroup;
			children = (
				8361F072228788E700C582B8 /* ResultCellTableViewCell.swift */,
			);
			path = views;
			sourceTree = "<group>";
		};
		837BA5E622909A33002EAEF3 /* entities */ = {
			isa = PBXGroup;
			children = (
				837BA5E722909A7C002EAEF3 /* Local.swift */,
			);
			path = entities;
			sourceTree = "<group>";
		};
		83865D4D228782580014D65B = {
			isa = PBXGroup;
			children = (
				83865D58228782580014D65B /* test tabela */,
				83865D57228782580014D65B /* Products */,
				0A708E65F5E587958D320870 /* Pods */,
				B1070234C8FE8B973B59D1F2 /* Frameworks */,
			);
			sourceTree = "<group>";
		};
		83865D57228782580014D65B /* Products */ = {
			isa = PBXGroup;
			children = (
				83865D56228782580014D65B /* test tabela.app */,
			);
			name = Products;
			sourceTree = "<group>";
		};
		83865D58228782580014D65B /* test tabela */ = {
			isa = PBXGroup;
			children = (
				49055F0922A9FF90004CFCAB /* coordinator */,
				83CCE8E62291B45E0028EB6C /* utils */,
				8361F071228788B400C582B8 /* views */,
				832D69AD2288846D00C28ECA /* models */,
				832C57F72287ADF200A89316 /* services */,
				83865D6B228784E00014D65B /* controllers */,
				83865D59228782580014D65B /* AppDelegate.swift */,
				83865D5D228782580014D65B /* Main.storyboard */,
				83865D602287825A0014D65B /* Assets.xcassets */,
				83865D622287825A0014D65B /* LaunchScreen.storyboard */,
				83865D652287825A0014D65B /* Info.plist */,
			);
			path = "test tabela";
			sourceTree = "<group>";
		};
		83865D6B228784E00014D65B /* controllers */ = {
			isa = PBXGroup;
			children = (
				8361F07622878AC300C582B8 /* ResultsViewController.swift */,
				49055F1222AA69B3004CFCAB /* LocalViewController.swift */,
			);
			path = controllers;
			sourceTree = "<group>";
		};
		83CCE8E62291B45E0028EB6C /* utils */ = {
			isa = PBXGroup;
			children = (
				49055F0E22AA5F2B004CFCAB /* Storyboarded.swift */,
			);
			path = utils;
			sourceTree = "<group>";
		};
		B1070234C8FE8B973B59D1F2 /* Frameworks */ = {
			isa = PBXGroup;
			children = (
				68F3B1D37D23D5383B5BDEB2 /* Pods_test_tabela.framework */,
			);
			name = Frameworks;
			sourceTree = "<group>";
		};
/* End PBXGroup section */

/* Begin PBXNativeTarget section */
		83865D55228782580014D65B /* test tabela */ = {
			isa = PBXNativeTarget;
			buildConfigurationList = 83865D682287825A0014D65B /* Build configuration list for PBXNativeTarget "test tabela" */;
			buildPhases = (
				9EAF2658430018781313815B /* [CP] Check Pods Manifest.lock */,
				83865D52228782580014D65B /* Sources */,
				83865D53228782580014D65B /* Frameworks */,
				83865D54228782580014D65B /* Resources */,
				C75D8BA669B06C135B199E31 /* [CP] Embed Pods Frameworks */,
			);
			buildRules = (
			);
			dependencies = (
			);
			name = "test tabela";
			productName = "test tabela";
			productReference = 83865D56228782580014D65B /* test tabela.app */;
			productType = "com.apple.product-type.application";
		};
/* End PBXNativeTarget section */

/* Begin PBXProject section */
		83865D4E228782580014D65B /* Project object */ = {
			isa = PBXProject;
			attributes = {
				LastSwiftUpdateCheck = 1020;
				LastUpgradeCheck = 1020;
				ORGANIZATIONNAME = sgelves;
				TargetAttributes = {
					83865D55228782580014D65B = {
						CreatedOnToolsVersion = 10.2.1;
					};
				};
			};
			buildConfigurationList = 83865D51228782580014D65B /* Build configuration list for PBXProject "test tabela" */;
			compatibilityVersion = "Xcode 9.3";
			developmentRegion = en;
			hasScannedForEncodings = 0;
			knownRegions = (
				en,
				Base,
			);
			mainGroup = 83865D4D228782580014D65B;
			productRefGroup = 83865D57228782580014D65B /* Products */;
			projectDirPath = "";
			projectRoot = "";
			targets = (
				83865D55228782580014D65B /* test tabela */,
			);
		};
/* End PBXProject section */

/* Begin PBXResourcesBuildPhase section */
		83865D54228782580014D65B /* Resources */ = {
			isa = PBXResourcesBuildPhase;
			buildActionMask = 2147483647;
			files = (
				83865D642287825A0014D65B /* LaunchScreen.storyboard in Resources */,
				83865D612287825A0014D65B /* Assets.xcassets in Resources */,
				83865D5F228782580014D65B /* Main.storyboard in Resources */,
			);
			runOnlyForDeploymentPostprocessing = 0;
		};
/* End PBXResourcesBuildPhase section */

/* Begin PBXShellScriptBuildPhase section */
		9EAF2658430018781313815B /* [CP] Check Pods Manifest.lock */ = {
			isa = PBXShellScriptBuildPhase;
			buildActionMask = 2147483647;
			files = (
			);
			inputFileListPaths = (
			);
			inputPaths = (
				"${PODS_PODFILE_DIR_PATH}/Podfile.lock",
				"${PODS_ROOT}/Manifest.lock",
			);
			name = "[CP] Check Pods Manifest.lock";
			outputFileListPaths = (
			);
			outputPaths = (
				"$(DERIVED_FILE_DIR)/Pods-test tabela-checkManifestLockResult.txt",
			);
			runOnlyForDeploymentPostprocessing = 0;
			shellPath = /bin/sh;
			shellScript = "diff \"${PODS_PODFILE_DIR_PATH}/Podfile.lock\" \"${PODS_ROOT}/Manifest.lock\" > /dev/null\nif [ $? != 0 ] ; then\n    # print error to STDERR\n    echo \"error: The sandbox is not in sync with the Podfile.lock. Run 'pod install' or update your CocoaPods installation.\" >&2\n    exit 1\nfi\n# This output is used by Xcode 'outputs' to avoid re-running this script phase.\necho \"SUCCESS\" > \"${SCRIPT_OUTPUT_FILE_0}\"\n";
			showEnvVarsInLog = 0;
		};
		C75D8BA669B06C135B199E31 /* [CP] Embed Pods Frameworks */ = {
			isa = PBXShellScriptBuildPhase;
			buildActionMask = 2147483647;
			files = (
			);
			inputFileListPaths = (
				"${PODS_ROOT}/Target Support Files/Pods-test tabela/Pods-test tabela-frameworks-${CONFIGURATION}-input-files.xcfilelist",
			);
			name = "[CP] Embed Pods Frameworks";
			outputFileListPaths = (
				"${PODS_ROOT}/Target Support Files/Pods-test tabela/Pods-test tabela-frameworks-${CONFIGURATION}-output-files.xcfilelist",
			);
			runOnlyForDeploymentPostprocessing = 0;
			shellPath = /bin/sh;
			shellScript = "\"${PODS_ROOT}/Target Support Files/Pods-test tabela/Pods-test tabela-frameworks.sh\"\n";
			showEnvVarsInLog = 0;
		};
/* End PBXShellScriptBuildPhase section */

/* Begin PBXSourcesBuildPhase section */
		83865D52228782580014D65B /* Sources */ = {
			isa = PBXSourcesBuildPhase;
			buildActionMask = 2147483647;
			files = (
				49055F1322AA69B3004CFCAB /* LocalViewController.swift in Sources */,
				832D69AF2288848B00C28ECA /* LocaisModel.swift in Sources */,
				837BA5E822909A7C002EAEF3 /* Local.swift in Sources */,
				832C57F92287AE7F00A89316 /* ResultsService.swift in Sources */,
				8361F073228788E700C582B8 /* ResultCellTableViewCell.swift in Sources */,
				83865D5A228782580014D65B /* AppDelegate.swift in Sources */,
				8361F07722878AC300C582B8 /* ResultsViewController.swift in Sources */,
				49055F0B22A9FFB8004CFCAB /* Coordinator.swift in Sources */,
				49055F1122AA62C2004CFCAB /* MainCoordinator.swift in Sources */,
				49055F0F22AA5F2B004CFCAB /* Storyboarded.swift in Sources */,
			);
			runOnlyForDeploymentPostprocessing = 0;
		};
/* End PBXSourcesBuildPhase section */

/* Begin PBXVariantGroup section */
		83865D5D228782580014D65B /* Main.storyboard */ = {
			isa = PBXVariantGroup;
			children = (
				83865D5E228782580014D65B /* Base */,
			);
			name = Main.storyboard;
			sourceTree = "<group>";
		};
		83865D622287825A0014D65B /* LaunchScreen.storyboard */ = {
			isa = PBXVariantGroup;
			children = (
				83865D632287825A0014D65B /* Base */,
			);
			name = LaunchScreen.storyboard;
			sourceTree = "<group>";
		};
/* End PBXVariantGroup section */

/* Begin XCBuildConfiguration section */
		83865D662287825A0014D65B /* Debug */ = {
			isa = XCBuildConfiguration;
			buildSettings = {
				ALWAYS_SEARCH_USER_PATHS = NO;
				CLANG_ANALYZER_NONNULL = YES;
				CLANG_ANALYZER_NUMBER_OBJECT_CONVERSION = YES_AGGRESSIVE;
				CLANG_CXX_LANGUAGE_STANDARD = "gnu++14";
				CLANG_CXX_LIBRARY = "libc++";
				CLANG_ENABLE_MODULES = YES;
				CLANG_ENABLE_OBJC_ARC = YES;
				CLANG_ENABLE_OBJC_WEAK = YES;
				CLANG_WARN_BLOCK_CAPTURE_AUTORELEASING = YES;
				CLANG_WARN_BOOL_CONVERSION = YES;
				CLANG_WARN_COMMA = YES;
				CLANG_WARN_CONSTANT_CONVERSION = YES;
				CLANG_WARN_DEPRECATED_OBJC_IMPLEMENTATIONS = YES;
				CLANG_WARN_DIRECT_OBJC_ISA_USAGE = YES_ERROR;
				CLANG_WARN_DOCUMENTATION_COMMENTS = YES;
				CLANG_WARN_EMPTY_BODY = YES;
				CLANG_WARN_ENUM_CONVERSION = YES;
				CLANG_WARN_INFINITE_RECURSION = YES;
				CLANG_WARN_INT_CONVERSION = YES;
				CLANG_WARN_NON_LITERAL_NULL_CONVERSION = YES;
				CLANG_WARN_OBJC_IMPLICIT_RETAIN_SELF = YES;
				CLANG_WARN_OBJC_LITERAL_CONVERSION = YES;
				CLANG_WARN_OBJC_ROOT_CLASS = YES_ERROR;
				CLANG_WARN_RANGE_LOOP_ANALYSIS = YES;
				CLANG_WARN_STRICT_PROTOTYPES = YES;
				CLANG_WARN_SUSPICIOUS_MOVE = YES;
				CLANG_WARN_UNGUARDED_AVAILABILITY = YES_AGGRESSIVE;
				CLANG_WARN_UNREACHABLE_CODE = YES;
				CLANG_WARN__DUPLICATE_METHOD_MATCH = YES;
				CODE_SIGN_IDENTITY = "iPhone Developer";
				COPY_PHASE_STRIP = NO;
				DEBUG_INFORMATION_FORMAT = dwarf;
				ENABLE_STRICT_OBJC_MSGSEND = YES;
				ENABLE_TESTABILITY = YES;
				GCC_C_LANGUAGE_STANDARD = gnu11;
				GCC_DYNAMIC_NO_PIC = NO;
				GCC_NO_COMMON_BLOCKS = YES;
				GCC_OPTIMIZATION_LEVEL = 0;
				GCC_PREPROCESSOR_DEFINITIONS = (
					"DEBUG=1",
					"$(inherited)",
				);
				GCC_WARN_64_TO_32_BIT_CONVERSION = YES;
				GCC_WARN_ABOUT_RETURN_TYPE = YES_ERROR;
				GCC_WARN_UNDECLARED_SELECTOR = YES;
				GCC_WARN_UNINITIALIZED_AUTOS = YES_AGGRESSIVE;
				GCC_WARN_UNUSED_FUNCTION = YES;
				GCC_WARN_UNUSED_VARIABLE = YES;
				IPHONEOS_DEPLOYMENT_TARGET = 12.2;
				MTL_ENABLE_DEBUG_INFO = INCLUDE_SOURCE;
				MTL_FAST_MATH = YES;
				ONLY_ACTIVE_ARCH = YES;
				SDKROOT = iphoneos;
				SWIFT_ACTIVE_COMPILATION_CONDITIONS = DEBUG;
				SWIFT_OPTIMIZATION_LEVEL = "-Onone";
			};
			name = Debug;
		};
		83865D672287825A0014D65B /* Release */ = {
			isa = XCBuildConfiguration;
			buildSettings = {
				ALWAYS_SEARCH_USER_PATHS = NO;
				CLANG_ANALYZER_NONNULL = YES;
				CLANG_ANALYZER_NUMBER_OBJECT_CONVERSION = YES_AGGRESSIVE;
				CLANG_CXX_LANGUAGE_STANDARD = "gnu++14";
				CLANG_CXX_LIBRARY = "libc++";
				CLANG_ENABLE_MODULES = YES;
				CLANG_ENABLE_OBJC_ARC = YES;
				CLANG_ENABLE_OBJC_WEAK = YES;
				CLANG_WARN_BLOCK_CAPTURE_AUTORELEASING = YES;
				CLANG_WARN_BOOL_CONVERSION = YES;
				CLANG_WARN_COMMA = YES;
				CLANG_WARN_CONSTANT_CONVERSION = YES;
				CLANG_WARN_DEPRECATED_OBJC_IMPLEMENTATIONS = YES;
				CLANG_WARN_DIRECT_OBJC_ISA_USAGE = YES_ERROR;
				CLANG_WARN_DOCUMENTATION_COMMENTS = YES;
				CLANG_WARN_EMPTY_BODY = YES;
				CLANG_WARN_ENUM_CONVERSION = YES;
				CLANG_WARN_INFINITE_RECURSION = YES;
				CLANG_WARN_INT_CONVERSION = YES;
				CLANG_WARN_NON_LITERAL_NULL_CONVERSION = YES;
				CLANG_WARN_OBJC_IMPLICIT_RETAIN_SELF = YES;
				CLANG_WARN_OBJC_LITERAL_CONVERSION = YES;
				CLANG_WARN_OBJC_ROOT_CLASS = YES_ERROR;
				CLANG_WARN_RANGE_LOOP_ANALYSIS = YES;
				CLANG_WARN_STRICT_PROTOTYPES = YES;
				CLANG_WARN_SUSPICIOUS_MOVE = YES;
				CLANG_WARN_UNGUARDED_AVAILABILITY = YES_AGGRESSIVE;
				CLANG_WARN_UNREACHABLE_CODE = YES;
				CLANG_WARN__DUPLICATE_METHOD_MATCH = YES;
				CODE_SIGN_IDENTITY = "iPhone Developer";
				COPY_PHASE_STRIP = NO;
				DEBUG_INFORMATION_FORMAT = "dwarf-with-dsym";
				ENABLE_NS_ASSERTIONS = NO;
				ENABLE_STRICT_OBJC_MSGSEND = YES;
				GCC_C_LANGUAGE_STANDARD = gnu11;
				GCC_NO_COMMON_BLOCKS = YES;
				GCC_WARN_64_TO_32_BIT_CONVERSION = YES;
				GCC_WARN_ABOUT_RETURN_TYPE = YES_ERROR;
				GCC_WARN_UNDECLARED_SELECTOR = YES;
				GCC_WARN_UNINITIALIZED_AUTOS = YES_AGGRESSIVE;
				GCC_WARN_UNUSED_FUNCTION = YES;
				GCC_WARN_UNUSED_VARIABLE = YES;
				IPHONEOS_DEPLOYMENT_TARGET = 12.2;
				MTL_ENABLE_DEBUG_INFO = NO;
				MTL_FAST_MATH = YES;
				SDKROOT = iphoneos;
				SWIFT_COMPILATION_MODE = wholemodule;
				SWIFT_OPTIMIZATION_LEVEL = "-O";
				VALIDATE_PRODUCT = YES;
			};
			name = Release;
		};
		83865D692287825A0014D65B /* Debug */ = {
			isa = XCBuildConfiguration;
			baseConfigurationReference = EFF77D3C36E7E04C977938D7 /* Pods-test tabela.debug.xcconfig */;
			buildSettings = {
				ASSETCATALOG_COMPILER_APPICON_NAME = AppIcon;
				ASSETCATALOG_COMPILER_LAUNCHIMAGE_NAME = LaunchImage;
				CODE_SIGN_STYLE = Automatic;
				INFOPLIST_FILE = "test tabela/Info.plist";
				LD_RUNPATH_SEARCH_PATHS = (
					"$(inherited)",
					"@executable_path/Frameworks",
				);
				PRODUCT_BUNDLE_IDENTIFIER = "sgelves.test-tabela";
				PRODUCT_NAME = "$(TARGET_NAME)";
				SWIFT_VERSION = 5.0;
				TARGETED_DEVICE_FAMILY = "1,2";
			};
			name = Debug;
		};
		83865D6A2287825A0014D65B /* Release */ = {
			isa = XCBuildConfiguration;
			baseConfigurationReference = A7A38421D888100F43D6D181 /* Pods-test tabela.release.xcconfig */;
			buildSettings = {
				ASSETCATALOG_COMPILER_APPICON_NAME = AppIcon;
				ASSETCATALOG_COMPILER_LAUNCHIMAGE_NAME = LaunchImage;
				CODE_SIGN_STYLE = Automatic;
				INFOPLIST_FILE = "test tabela/Info.plist";
				LD_RUNPATH_SEARCH_PATHS = (
					"$(inherited)",
					"@executable_path/Frameworks",
				);
				PRODUCT_BUNDLE_IDENTIFIER = "sgelves.test-tabela";
				PRODUCT_NAME = "$(TARGET_NAME)";
				SWIFT_VERSION = 5.0;
				TARGETED_DEVICE_FAMILY = "1,2";
			};
			name = Release;
		};
/* End XCBuildConfiguration section */

/* Begin XCConfigurationList section */
		83865D51228782580014D65B /* Build configuration list for PBXProject "test tabela" */ = {
			isa = XCConfigurationList;
			buildConfigurations = (
				83865D662287825A0014D65B /* Debug */,
				83865D672287825A0014D65B /* Release */,
			);
			defaultConfigurationIsVisible = 0;
			defaultConfigurationName = Release;
		};
		83865D682287825A0014D65B /* Build configuration list for PBXNativeTarget "test tabela" */ = {
			isa = XCConfigurationList;
			buildConfigurations = (
				83865D692287825A0014D65B /* Debug */,
				83865D6A2287825A0014D65B /* Release */,
			);
			defaultConfigurationIsVisible = 0;
			defaultConfigurationName = Release;
		};
/* End XCConfigurationList section */
	};
	rootObject = 83865D4E228782580014D65B /* Project object */;
}
